
Microsoft Visual Studio Solution File, Format Version 12.00
# Visual Studio Version 16
VisualStudioVersion = 16.0.28803.352
MinimumVisualStudioVersion = 10.0.40219.1
Project("{9A19103F-16F7-4668-BE54-9A1E7A4F7556}") = "ADSDataBook", "ADSDataBook\ADSDataBook.csproj", "{7A1DF66C-3BE4-4E9A-804B-387C06E198CD}"
EndProject
Global
	GlobalSection(SolutionConfigurationPlatforms) = preSolution
		Debug|Any CPU = Debug|Any CPU
		Release|Any CPU = Release|Any CPU
	EndGlobalSection
	GlobalSection(ProjectConfigurationPlatforms) = postSolution
		{7A1DF66C-3BE4-4E9A-804B-387C06E198CD}.Debug|Any CPU.ActiveCfg = Debug|Any CPU
		{7A1DF66C-3BE4-4E9A-804B-387C06E198CD}.Debug|Any CPU.Build.0 = Debug|Any CPU
		{7A1DF66C-3BE4-4E9A-804B-387C06E198CD}.Release|Any CPU.ActiveCfg = Release|Any CPU
		{7A1DF66C-3BE4-4E9A-804B-387C06E198CD}.Release|Any CPU.Build.0 = Release|Any CPU
	EndGlobalSection
	GlobalSection(SolutionProperties) = preSolution
		HideSolutionNode = FALSE
	EndGlobalSection
	GlobalSection(ExtensibilityGlobals) = postSolution
		SolutionGuid = {BEEE47BA-38F3-4620-852B-17818BDB3E2F}
	EndGlobalSection
EndGlobal
